
Microsoft Visual Studio Solution File, Format Version 12.00
# Visual Studio 15
VisualStudioVersion = 15.0.27428.2015
MinimumVisualStudioVersion = 10.0.40219.1
Project("{FAE04EC0-301F-11D3-BF4B-00C04F79EFBC}") = "mathApp1", "mathApp1\mathApp1.csproj", "{35591D72-197C-483A-B201-A0118FF3A950}"
EndProject
Global
	GlobalSection(SolutionConfigurationPlatforms) = preSolution
		Debug|Any CPU = Debug|Any CPU
		Release|Any CPU = Release|Any CPU
	EndGlobalSection
	GlobalSection(ProjectConfigurationPlatforms) = postSolution
		{35591D72-197C-483A-B201-A0118FF3A950}.Debug|Any CPU.ActiveCfg = Debug|Any CPU
		{35591D72-197C-483A-B201-A0118FF3A950}.Debug|Any CPU.Build.0 = Debug|Any CPU
		{35591D72-197C-483A-B201-A0118FF3A950}.Release|Any CPU.ActiveCfg = Release|Any CPU
		{35591D72-197C-483A-B201-A0118FF3A950}.Release|Any CPU.Build.0 = Release|Any CPU
	EndGlobalSection
	GlobalSection(SolutionProperties) = preSolution
		HideSolutionNode = FALSE
	EndGlobalSection
	GlobalSection(ExtensibilityGlobals) = postSolution
		SolutionGuid = {E50236FE-E137-4888-B3B2-DDE37CF857D3}
	EndGlobalSection
EndGlobal
